// !$*UTF8*$!
{
	archiveVersion = 1;
	classes = {
	};
	objectVersion = 50;
	objects = {

/* Begin PBXBuildFile section */
		1799C60E24625C440040D973 /* AppDelegate.swift in Sources */ = {isa = PBXBuildFile; fileRef = 1799C60D24625C440040D973 /* AppDelegate.swift */; };
		1799C61024625C440040D973 /* SceneDelegate.swift in Sources */ = {isa = PBXBuildFile; fileRef = 1799C60F24625C440040D973 /* SceneDelegate.swift */; };
		1799C61224625C440040D973 /* ViewController.swift in Sources */ = {isa = PBXBuildFile; fileRef = 1799C61124625C440040D973 /* ViewController.swift */; };
		1799C61524625C440040D973 /* Main.storyboard in Resources */ = {isa = PBXBuildFile; fileRef = 1799C61324625C440040D973 /* Main.storyboard */; };
		1799C61724625C460040D973 /* Assets.xcassets in Resources */ = {isa = PBXBuildFile; fileRef = 1799C61624625C460040D973 /* Assets.xcassets */; };
		1799C61A24625C460040D973 /* LaunchScreen.storyboard in Resources */ = {isa = PBXBuildFile; fileRef = 1799C61824625C460040D973 /* LaunchScreen.storyboard */; };
		1799C62524625C460040D973 /* KRBannerViewTests.swift in Sources */ = {isa = PBXBuildFile; fileRef = 1799C62424625C460040D973 /* KRBannerViewTests.swift */; };
		1799C63024625C460040D973 /* KRBannerViewUITests.swift in Sources */ = {isa = PBXBuildFile; fileRef = 1799C62F24625C460040D973 /* KRBannerViewUITests.swift */; };
/* End PBXBuildFile section */

/* Begin PBXContainerItemProxy section */
		1799C62124625C460040D973 /* PBXContainerItemProxy */ = {
			isa = PBXContainerItemProxy;
			containerPortal = 1799C60224625C440040D973 /* Project object */;
			proxyType = 1;
			remoteGlobalIDString = 1799C60924625C440040D973;
			remoteInfo = KRBannerView;
		};
		1799C62C24625C460040D973 /* PBXContainerItemProxy */ = {
			isa = PBXContainerItemProxy;
			containerPortal = 1799C60224625C440040D973 /* Project object */;
			proxyType = 1;
			remoteGlobalIDString = 1799C60924625C440040D973;
			remoteInfo = KRBannerView;
		};
/* End PBXContainerItemProxy section */

/* Begin PBXFileReference section */
		1799C60A24625C440040D973 /* KRBannerView.app */ = {isa = PBXFileReference; explicitFileType = wrapper.application; includeInIndex = 0; path = KRBannerView.app; sourceTree = BUILT_PRODUCTS_DIR; };
		1799C60D24625C440040D973 /* AppDelegate.swift */ = {isa = PBXFileReference; lastKnownFileType = sourcecode.swift; path = AppDelegate.swift; sourceTree = "<group>"; };
		1799C60F24625C440040D973 /* SceneDelegate.swift */ = {isa = PBXFileReference; lastKnownFileType = sourcecode.swift; path = SceneDelegate.swift; sourceTree = "<group>"; };
		1799C61124625C440040D973 /* ViewController.swift */ = {isa = PBXFileReference; lastKnownFileType = sourcecode.swift; path = ViewController.swift; sourceTree = "<group>"; };
		1799C61424625C440040D973 /* Base */ = {isa = PBXFileReference; lastKnownFileType = file.storyboard; name = Base; path = Base.lproj/Main.storyboard; sourceTree = "<group>"; };
		1799C61624625C460040D973 /* Assets.xcassets */ = {isa = PBXFileReference; lastKnownFileType = folder.assetcatalog; path = Assets.xcassets; sourceTree = "<group>"; };
		1799C61924625C460040D973 /* Base */ = {isa = PBXFileReference; lastKnownFileType = file.storyboard; name = Base; path = Base.lproj/LaunchScreen.storyboard; sourceTree = "<group>"; };
		1799C61B24625C460040D973 /* Info.plist */ = {isa = PBXFileReference; lastKnownFileType = text.plist.xml; path = Info.plist; sourceTree = "<group>"; };
		1799C62024625C460040D973 /* KRBannerViewTests.xctest */ = {isa = PBXFileReference; explicitFileType = wrapper.cfbundle; includeInIndex = 0; path = KRBannerViewTests.xctest; sourceTree = BUILT_PRODUCTS_DIR; };
		1799C62424625C460040D973 /* KRBannerViewTests.swift */ = {isa = PBXFileReference; lastKnownFileType = sourcecode.swift; path = KRBannerViewTests.swift; sourceTree = "<group>"; };
		1799C62624625C460040D973 /* Info.plist */ = {isa = PBXFileReference; lastKnownFileType = text.plist.xml; path = Info.plist; sourceTree = "<group>"; };
		1799C62B24625C460040D973 /* KRBannerViewUITests.xctest */ = {isa = PBXFileReference; explicitFileType = wrapper.cfbundle; includeInIndex = 0; path = KRBannerViewUITests.xctest; sourceTree = BUILT_PRODUCTS_DIR; };
		1799C62F24625C460040D973 /* KRBannerViewUITests.swift */ = {isa = PBXFileReference; lastKnownFileType = sourcecode.swift; path = KRBannerViewUITests.swift; sourceTree = "<group>"; };
		1799C63124625C460040D973 /* Info.plist */ = {isa = PBXFileReference; lastKnownFileType = text.plist.xml; path = Info.plist; sourceTree = "<group>"; };
/* End PBXFileReference section */

/* Begin PBXFrameworksBuildPhase section */
		1799C60724625C440040D973 /* Frameworks */ = {
			isa = PBXFrameworksBuildPhase;
			buildActionMask = 2147483647;
			files = (
			);
			runOnlyForDeploymentPostprocessing = 0;
		};
		1799C61D24625C460040D973 /* Frameworks */ = {
			isa = PBXFrameworksBuildPhase;
			buildActionMask = 2147483647;
			files = (
			);
			runOnlyForDeploymentPostprocessing = 0;
		};
		1799C62824625C460040D973 /* Frameworks */ = {
			isa = PBXFrameworksBuildPhase;
			buildActionMask = 2147483647;
			files = (
			);
			runOnlyForDeploymentPostprocessing = 0;
		};
/* End PBXFrameworksBuildPhase section */

/* Begin PBXGroup section */
		1799C60124625C440040D973 = {
			isa = PBXGroup;
			children = (
				1799C60C24625C440040D973 /* KRBannerView */,
				1799C62324625C460040D973 /* KRBannerViewTests */,
				1799C62E24625C460040D973 /* KRBannerViewUITests */,
				1799C60B24625C440040D973 /* Products */,
			);
			sourceTree = "<group>";
		};
		1799C60B24625C440040D973 /* Products */ = {
			isa = PBXGroup;
			children = (
				1799C60A24625C440040D973 /* KRBannerView.app */,
				1799C62024625C460040D973 /* KRBannerViewTests.xctest */,
				1799C62B24625C460040D973 /* KRBannerViewUITests.xctest */,
			);
			name = Products;
			sourceTree = "<group>";
		};
		1799C60C24625C440040D973 /* KRBannerView */ = {
			isa = PBXGroup;
			children = (
				1799C60D24625C440040D973 /* AppDelegate.swift */,
				1799C60F24625C440040D973 /* SceneDelegate.swift */,
				1799C61124625C440040D973 /* ViewController.swift */,
				1799C61324625C440040D973 /* Main.storyboard */,
				1799C61624625C460040D973 /* Assets.xcassets */,
				1799C61824625C460040D973 /* LaunchScreen.storyboard */,
				1799C61B24625C460040D973 /* Info.plist */,
			);
			path = KRBannerView;
			sourceTree = "<group>";
		};
		1799C62324625C460040D973 /* KRBannerViewTests */ = {
			isa = PBXGroup;
			children = (
				1799C62424625C460040D973 /* KRBannerViewTests.swift */,
				1799C62624625C460040D973 /* Info.plist */,
			);
			path = KRBannerViewTests;
			sourceTree = "<group>";
		};
		1799C62E24625C460040D973 /* KRBannerViewUITests */ = {
			isa = PBXGroup;
			children = (
				1799C62F24625C460040D973 /* KRBannerViewUITests.swift */,
				1799C63124625C460040D973 /* Info.plist */,
			);
			path = KRBannerViewUITests;
			sourceTree = "<group>";
		};
/* End PBXGroup section */

/* Begin PBXNativeTarget section */
		1799C60924625C440040D973 /* KRBannerView */ = {
			isa = PBXNativeTarget;
			buildConfigurationList = 1799C63424625C470040D973 /* Build configuration list for PBXNativeTarget "KRBannerView" */;
			buildPhases = (
				1799C60624625C440040D973 /* Sources */,
				1799C60724625C440040D973 /* Frameworks */,
				1799C60824625C440040D973 /* Resources */,
			);
			buildRules = (
			);
			dependencies = (
			);
			name = KRBannerView;
			productName = KRBannerView;
			productReference = 1799C60A24625C440040D973 /* KRBannerView.app */;
			productType = "com.apple.product-type.application";
		};
		1799C61F24625C460040D973 /* KRBannerViewTests */ = {
			isa = PBXNativeTarget;
			buildConfigurationList = 1799C63724625C470040D973 /* Build configuration list for PBXNativeTarget "KRBannerViewTests" */;
			buildPhases = (
				1799C61C24625C460040D973 /* Sources */,
				1799C61D24625C460040D973 /* Frameworks */,
				1799C61E24625C460040D973 /* Resources */,
			);
			buildRules = (
			);
			dependencies = (
				1799C62224625C460040D973 /* PBXTargetDependency */,
			);
			name = KRBannerViewTests;
			productName = KRBannerViewTests;
			productReference = 1799C62024625C460040D973 /* KRBannerViewTests.xctest */;
			productType = "com.apple.product-type.bundle.unit-test";
		};
		1799C62A24625C460040D973 /* KRBannerViewUITests */ = {
			isa = PBXNativeTarget;
			buildConfigurationList = 1799C63A24625C470040D973 /* Build configuration list for PBXNativeTarget "KRBannerViewUITests" */;
			buildPhases = (
				1799C62724625C460040D973 /* Sources */,
				1799C62824625C460040D973 /* Frameworks */,
				1799C62924625C460040D973 /* Resources */,
			);
			buildRules = (
			);
			dependencies = (
				1799C62D24625C460040D973 /* PBXTargetDependency */,
			);
			name = KRBannerViewUITests;
			productName = KRBannerViewUITests;
			productReference = 1799C62B24625C460040D973 /* KRBannerViewUITests.xctest */;
			productType = "com.apple.product-type.bundle.ui-testing";
		};
/* End PBXNativeTarget section */

/* Begin PBXProject section */
		1799C60224625C440040D973 /* Project object */ = {
			isa = PBXProject;
			attributes = {
				LastSwiftUpdateCheck = 1140;
				LastUpgradeCheck = 1140;
				ORGANIZATIONNAME = Pata;
				TargetAttributes = {
					1799C60924625C440040D973 = {
						CreatedOnToolsVersion = 11.4.1;
					};
					1799C61F24625C460040D973 = {
						CreatedOnToolsVersion = 11.4.1;
						TestTargetID = 1799C60924625C440040D973;
					};
					1799C62A24625C460040D973 = {
						CreatedOnToolsVersion = 11.4.1;
						TestTargetID = 1799C60924625C440040D973;
					};
				};
			};
			buildConfigurationList = 1799C60524625C440040D973 /* Build configuration list for PBXProject "KRBannerView" */;
			compatibilityVersion = "Xcode 9.3";
			developmentRegion = en;
			hasScannedForEncodings = 0;
			knownRegions = (
				en,
				Base,
			);
			mainGroup = 1799C60124625C440040D973;
			productRefGroup = 1799C60B24625C440040D973 /* Products */;
			projectDirPath = "";
			projectRoot = "";
			targets = (
				1799C60924625C440040D973 /* KRBannerView */,
				1799C61F24625C460040D973 /* KRBannerViewTests */,
				1799C62A24625C460040D973 /* KRBannerViewUITests */,
			);
		};
/* End PBXProject section */

/* Begin PBXResourcesBuildPhase section */
		1799C60824625C440040D973 /* Resources */ = {
			isa = PBXResourcesBuildPhase;
			buildActionMask = 2147483647;
			files = (
				1799C61A24625C460040D973 /* LaunchScreen.storyboard in Resources */,
				1799C61724625C460040D973 /* Assets.xcassets in Resources */,
				1799C61524625C440040D973 /* Main.storyboard in Resources */,
			);
			runOnlyForDeploymentPostprocessing = 0;
		};
		1799C61E24625C460040D973 /* Resources */ = {
			isa = PBXResourcesBuildPhase;
			buildActionMask = 2147483647;
			files = (
			);
			runOnlyForDeploymentPostprocessing = 0;
		};
		1799C62924625C460040D973 /* Resources */ = {
			isa = PBXResourcesBuildPhase;
			buildActionMask = 2147483647;
			files = (
			);
			runOnlyForDeploymentPostprocessing = 0;
		};
/* End PBXResourcesBuildPhase section */

/* Begin PBXSourcesBuildPhase section */
		1799C60624625C440040D973 /* Sources */ = {
			isa = PBXSourcesBuildPhase;
			buildActionMask = 2147483647;
			files = (
				1799C61224625C440040D973 /* ViewController.swift in Sources */,
				1799C60E24625C440040D973 /* AppDelegate.swift in Sources */,
				1799C61024625C440040D973 /* SceneDelegate.swift in Sources */,
			);
			runOnlyForDeploymentPostprocessing = 0;
		};
		1799C61C24625C460040D973 /* Sources */ = {
			isa = PBXSourcesBuildPhase;
			buildActionMask = 2147483647;
			files = (
				1799C62524625C460040D973 /* KRBannerViewTests.swift in Sources */,
			);
			runOnlyForDeploymentPostprocessing = 0;
		};
		1799C62724625C460040D973 /* Sources */ = {
			isa = PBXSourcesBuildPhase;
			buildActionMask = 2147483647;
			files = (
				1799C63024625C460040D973 /* KRBannerViewUITests.swift in Sources */,
			);
			runOnlyForDeploymentPostprocessing = 0;
		};
/* End PBXSourcesBuildPhase section */

/* Begin PBXTargetDependency section */
		1799C62224625C460040D973 /* PBXTargetDependency */ = {
			isa = PBXTargetDependency;
			target = 1799C60924625C440040D973 /* KRBannerView */;
			targetProxy = 1799C62124625C460040D973 /* PBXContainerItemProxy */;
		};
		1799C62D24625C460040D973 /* PBXTargetDependency */ = {
			isa = PBXTargetDependency;
			target = 1799C60924625C440040D973 /* KRBannerView */;
			targetProxy = 1799C62C24625C460040D973 /* PBXContainerItemProxy */;
		};
/* End PBXTargetDependency section */

/* Begin PBXVariantGroup section */
		1799C61324625C440040D973 /* Main.storyboard */ = {
			isa = PBXVariantGroup;
			children = (
				1799C61424625C440040D973 /* Base */,
			);
			name = Main.storyboard;
			sourceTree = "<group>";
		};
		1799C61824625C460040D973 /* LaunchScreen.storyboard */ = {
			isa = PBXVariantGroup;
			children = (
				1799C61924625C460040D973 /* Base */,
			);
			name = LaunchScreen.storyboard;
			sourceTree = "<group>";
		};
/* End PBXVariantGroup section */

/* Begin XCBuildConfiguration section */
		1799C63224625C470040D973 /* Debug */ = {
			isa = XCBuildConfiguration;
			buildSettings = {
				ALWAYS_SEARCH_USER_PATHS = NO;
				CLANG_ANALYZER_NONNULL = YES;
				CLANG_ANALYZER_NUMBER_OBJECT_CONVERSION = YES_AGGRESSIVE;
				CLANG_CXX_LANGUAGE_STANDARD = "gnu++14";
				CLANG_CXX_LIBRARY = "libc++";
				CLANG_ENABLE_MODULES = YES;
				CLANG_ENABLE_OBJC_ARC = YES;
				CLANG_ENABLE_OBJC_WEAK = YES;
				CLANG_WARN_BLOCK_CAPTURE_AUTORELEASING = YES;
				CLANG_WARN_BOOL_CONVERSION = YES;
				CLANG_WARN_COMMA = YES;
				CLANG_WARN_CONSTANT_CONVERSION = YES;
				CLANG_WARN_DEPRECATED_OBJC_IMPLEMENTATIONS = YES;
				CLANG_WARN_DIRECT_OBJC_ISA_USAGE = YES_ERROR;
				CLANG_WARN_DOCUMENTATION_COMMENTS = YES;
				CLANG_WARN_EMPTY_BODY = YES;
				CLANG_WARN_ENUM_CONVERSION = YES;
				CLANG_WARN_INFINITE_RECURSION = YES;
				CLANG_WARN_INT_CONVERSION = YES;
				CLANG_WARN_NON_LITERAL_NULL_CONVERSION = YES;
				CLANG_WARN_OBJC_IMPLICIT_RETAIN_SELF = YES;
				CLANG_WARN_OBJC_LITERAL_CONVERSION = YES;
				CLANG_WARN_OBJC_ROOT_CLASS = YES_ERROR;
				CLANG_WARN_RANGE_LOOP_ANALYSIS = YES;
				CLANG_WARN_STRICT_PROTOTYPES = YES;
				CLANG_WARN_SUSPICIOUS_MOVE = YES;
				CLANG_WARN_UNGUARDED_AVAILABILITY = YES_AGGRESSIVE;
				CLANG_WARN_UNREACHABLE_CODE = YES;
				CLANG_WARN__DUPLICATE_METHOD_MATCH = YES;
				COPY_PHASE_STRIP = NO;
				DEBUG_INFORMATION_FORMAT = dwarf;
				ENABLE_STRICT_OBJC_MSGSEND = YES;
				ENABLE_TESTABILITY = YES;
				GCC_C_LANGUAGE_STANDARD = gnu11;
				GCC_DYNAMIC_NO_PIC = NO;
				GCC_NO_COMMON_BLOCKS = YES;
				GCC_OPTIMIZATION_LEVEL = 0;
				GCC_PREPROCESSOR_DEFINITIONS = (
					"DEBUG=1",
					"$(inherited)",
				);
				GCC_WARN_64_TO_32_BIT_CONVERSION = YES;
				GCC_WARN_ABOUT_RETURN_TYPE = YES_ERROR;
				GCC_WARN_UNDECLARED_SELECTOR = YES;
				GCC_WARN_UNINITIALIZED_AUTOS = YES_AGGRESSIVE;
				GCC_WARN_UNUSED_FUNCTION = YES;
				GCC_WARN_UNUSED_VARIABLE = YES;
				IPHONEOS_DEPLOYMENT_TARGET = 13.4;
				MTL_ENABLE_DEBUG_INFO = INCLUDE_SOURCE;
				MTL_FAST_MATH = YES;
				ONLY_ACTIVE_ARCH = YES;
				SDKROOT = iphoneos;
				SWIFT_ACTIVE_COMPILATION_CONDITIONS = DEBUG;
				SWIFT_OPTIMIZATION_LEVEL = "-Onone";
			};
			name = Debug;
		};
		1799C63324625C470040D973 /* Release */ = {
			isa = XCBuildConfiguration;
			buildSettings = {
				ALWAYS_SEARCH_USER_PATHS = NO;
				CLANG_ANALYZER_NONNULL = YES;
				CLANG_ANALYZER_NUMBER_OBJECT_CONVERSION = YES_AGGRESSIVE;
				CLANG_CXX_LANGUAGE_STANDARD = "gnu++14";
				CLANG_CXX_LIBRARY = "libc++";
				CLANG_ENABLE_MODULES = YES;
				CLANG_ENABLE_OBJC_ARC = YES;
				CLANG_ENABLE_OBJC_WEAK = YES;
				CLANG_WARN_BLOCK_CAPTURE_AUTORELEASING = YES;
				CLANG_WARN_BOOL_CONVERSION = YES;
				CLANG_WARN_COMMA = YES;
				CLANG_WARN_CONSTANT_CONVERSION = YES;
				CLANG_WARN_DEPRECATED_OBJC_IMPLEMENTATIONS = YES;
				CLANG_WARN_DIRECT_OBJC_ISA_USAGE = YES_ERROR;
				CLANG_WARN_DOCUMENTATION_COMMENTS = YES;
				CLANG_WARN_EMPTY_BODY = YES;
				CLANG_WARN_ENUM_CONVERSION = YES;
				CLANG_WARN_INFINITE_RECURSION = YES;
				CLANG_WARN_INT_CONVERSION = YES;
				CLANG_WARN_NON_LITERAL_NULL_CONVERSION = YES;
				CLANG_WARN_OBJC_IMPLICIT_RETAIN_SELF = YES;
				CLANG_WARN_OBJC_LITERAL_CONVERSION = YES;
				CLANG_WARN_OBJC_ROOT_CLASS = YES_ERROR;
				CLANG_WARN_RANGE_LOOP_ANALYSIS = YES;
				CLANG_WARN_STRICT_PROTOTYPES = YES;
				CLANG_WARN_SUSPICIOUS_MOVE = YES;
				CLANG_WARN_UNGUARDED_AVAILABILITY = YES_AGGRESSIVE;
				CLANG_WARN_UNREACHABLE_CODE = YES;
				CLANG_WARN__DUPLICATE_METHOD_MATCH = YES;
				COPY_PHASE_STRIP = NO;
				DEBUG_INFORMATION_FORMAT = "dwarf-with-dsym";
				ENABLE_NS_ASSERTIONS = NO;
				ENABLE_STRICT_OBJC_MSGSEND = YES;
				GCC_C_LANGUAGE_STANDARD = gnu11;
				GCC_NO_COMMON_BLOCKS = YES;
				GCC_WARN_64_TO_32_BIT_CONVERSION = YES;
				GCC_WARN_ABOUT_RETURN_TYPE = YES_ERROR;
				GCC_WARN_UNDECLARED_SELECTOR = YES;
				GCC_WARN_UNINITIALIZED_AUTOS = YES_AGGRESSIVE;
				GCC_WARN_UNUSED_FUNCTION = YES;
				GCC_WARN_UNUSED_VARIABLE = YES;
				IPHONEOS_DEPLOYMENT_TARGET = 13.4;
				MTL_ENABLE_DEBUG_INFO = NO;
				MTL_FAST_MATH = YES;
				SDKROOT = iphoneos;
				SWIFT_COMPILATION_MODE = wholemodule;
				SWIFT_OPTIMIZATION_LEVEL = "-O";
				VALIDATE_PRODUCT = YES;
			};
			name = Release;
		};
		1799C63524625C470040D973 /* Debug */ = {
			isa = XCBuildConfiguration;
			buildSettings = {
				ASSETCATALOG_COMPILER_APPICON_NAME = AppIcon;
				CODE_SIGN_STYLE = Automatic;
				INFOPLIST_FILE = KRBannerView/Info.plist;
				LD_RUNPATH_SEARCH_PATHS = (
					"$(inherited)",
					"@executable_path/Frameworks",
				);
				PRODUCT_BUNDLE_IDENTIFIER = com.pata.com.KRBannerView;
				PRODUCT_NAME = "$(TARGET_NAME)";
				SWIFT_VERSION = 5.0;
				TARGETED_DEVICE_FAMILY = "1,2";
			};
			name = Debug;
		};
		1799C63624625C470040D973 /* Release */ = {
			isa = XCBuildConfiguration;
			buildSettings = {
				ASSETCATALOG_COMPILER_APPICON_NAME = AppIcon;
				CODE_SIGN_STYLE = Automatic;
				INFOPLIST_FILE = KRBannerView/Info.plist;
				LD_RUNPATH_SEARCH_PATHS = (
					"$(inherited)",
					"@executable_path/Frameworks",
				);
				PRODUCT_BUNDLE_IDENTIFIER = com.pata.com.KRBannerView;
				PRODUCT_NAME = "$(TARGET_NAME)";
				SWIFT_VERSION = 5.0;
				TARGETED_DEVICE_FAMILY = "1,2";
			};
			name = Release;
		};
		1799C63824625C470040D973 /* Debug */ = {
			isa = XCBuildConfiguration;
			buildSettings = {
				ALWAYS_EMBED_SWIFT_STANDARD_LIBRARIES = YES;
				BUNDLE_LOADER = "$(TEST_HOST)";
				CODE_SIGN_STYLE = Automatic;
				INFOPLIST_FILE = KRBannerViewTests/Info.plist;
				IPHONEOS_DEPLOYMENT_TARGET = 13.4;
				LD_RUNPATH_SEARCH_PATHS = (
					"$(inherited)",
					"@executable_path/Frameworks",
					"@loader_path/Frameworks",
				);
				PRODUCT_BUNDLE_IDENTIFIER = com.pata.com.KRBannerViewTests;
				PRODUCT_NAME = "$(TARGET_NAME)";
				SWIFT_VERSION = 5.0;
				TARGETED_DEVICE_FAMILY = "1,2";
				TEST_HOST = "$(BUILT_PRODUCTS_DIR)/KRBannerView.app/KRBannerView";
			};
			name = Debug;
		};
		1799C63924625C470040D973 /* Release */ = {
			isa = XCBuildConfiguration;
			buildSettings = {
				ALWAYS_EMBED_SWIFT_STANDARD_LIBRARIES = YES;
				BUNDLE_LOADER = "$(TEST_HOST)";
				CODE_SIGN_STYLE = Automatic;
				INFOPLIST_FILE = KRBannerViewTests/Info.plist;
				IPHONEOS_DEPLOYMENT_TARGET = 13.4;
				LD_RUNPATH_SEARCH_PATHS = (
					"$(inherited)",
					"@executable_path/Frameworks",
					"@loader_path/Frameworks",
				);
				PRODUCT_BUNDLE_IDENTIFIER = com.pata.com.KRBannerViewTests;
				PRODUCT_NAME = "$(TARGET_NAME)";
				SWIFT_VERSION = 5.0;
				TARGETED_DEVICE_FAMILY = "1,2";
				TEST_HOST = "$(BUILT_PRODUCTS_DIR)/KRBannerView.app/KRBannerView";
			};
			name = Release;
		};
		1799C63B24625C470040D973 /* Debug */ = {
			isa = XCBuildConfiguration;
			buildSettings = {
				ALWAYS_EMBED_SWIFT_STANDARD_LIBRARIES = YES;
				CODE_SIGN_STYLE = Automatic;
				INFOPLIST_FILE = KRBannerViewUITests/Info.plist;
				LD_RUNPATH_SEARCH_PATHS = (
					"$(inherited)",
					"@executable_path/Frameworks",
					"@loader_path/Frameworks",
				);
				PRODUCT_BUNDLE_IDENTIFIER = com.pata.com.KRBannerViewUITests;
				PRODUCT_NAME = "$(TARGET_NAME)";
				SWIFT_VERSION = 5.0;
				TARGETED_DEVICE_FAMILY = "1,2";
				TEST_TARGET_NAME = KRBannerView;
			};
			name = Debug;
		};
		1799C63C24625C470040D973 /* Release */ = {
			isa = XCBuildConfiguration;
			buildSettings = {
				ALWAYS_EMBED_SWIFT_STANDARD_LIBRARIES = YES;
				CODE_SIGN_STYLE = Automatic;
				INFOPLIST_FILE = KRBannerViewUITests/Info.plist;
				LD_RUNPATH_SEARCH_PATHS = (
					"$(inherited)",
					"@executable_path/Frameworks",
					"@loader_path/Frameworks",
				);
				PRODUCT_BUNDLE_IDENTIFIER = com.pata.com.KRBannerViewUITests;
				PRODUCT_NAME = "$(TARGET_NAME)";
				SWIFT_VERSION = 5.0;
				TARGETED_DEVICE_FAMILY = "1,2";
				TEST_TARGET_NAME = KRBannerView;
			};
			name = Release;
		};
/* End XCBuildConfiguration section */

/* Begin XCConfigurationList section */
		1799C60524625C440040D973 /* Build configuration list for PBXProject "KRBannerView" */ = {
			isa = XCConfigurationList;
			buildConfigurations = (
				1799C63224625C470040D973 /* Debug */,
				1799C63324625C470040D973 /* Release */,
			);
			defaultConfigurationIsVisible = 0;
			defaultConfigurationName = Release;
		};
		1799C63424625C470040D973 /* Build configuration list for PBXNativeTarget "KRBannerView" */ = {
			isa = XCConfigurationList;
			buildConfigurations = (
				1799C63524625C470040D973 /* Debug */,
				1799C63624625C470040D973 /* Release */,
			);
			defaultConfigurationIsVisible = 0;
			defaultConfigurationName = Release;
		};
		1799C63724625C470040D973 /* Build configuration list for PBXNativeTarget "KRBannerViewTests" */ = {
			isa = XCConfigurationList;
			buildConfigurations = (
				1799C63824625C470040D973 /* Debug */,
				1799C63924625C470040D973 /* Release */,
			);
			defaultConfigurationIsVisible = 0;
			defaultConfigurationName = Release;
		};
		1799C63A24625C470040D973 /* Build configuration list for PBXNativeTarget "KRBannerViewUITests" */ = {
			isa = XCConfigurationList;
			buildConfigurations = (
				1799C63B24625C470040D973 /* Debug */,
				1799C63C24625C470040D973 /* Release */,
			);
			defaultConfigurationIsVisible = 0;
			defaultConfigurationName = Release;
		};
/* End XCConfigurationList section */
	};
	rootObject = 1799C60224625C440040D973 /* Project object */;
}
